
Microsoft Visual Studio Solution File, Format Version 12.00
# Visual Studio Version 16
VisualStudioVersion = 16.0.34407.143
MinimumVisualStudioVersion = 10.0.40219.1
Project("{FAE04EC0-301F-11D3-BF4B-00C04F79EFBC}") = "ToDoList", "ToDoList\ToDoList.csproj", "{A6EBB55B-AF0A-41E8-9804-97A2A5C44AF5}"
EndProject
Global
	GlobalSection(SolutionConfigurationPlatforms) = preSolution
		Debug|Any CPU = Debug|Any CPU
		Release|Any CPU = Release|Any CPU
	EndGlobalSection
	GlobalSection(ProjectConfigurationPlatforms) = postSolution
		{A6EBB55B-AF0A-41E8-9804-97A2A5C44AF5}.Debug|Any CPU.ActiveCfg = Debug|Any CPU
		{A6EBB55B-AF0A-41E8-9804-97A2A5C44AF5}.Debug|Any CPU.Build.0 = Debug|Any CPU
		{A6EBB55B-AF0A-41E8-9804-97A2A5C44AF5}.Release|Any CPU.ActiveCfg = Release|Any CPU
		{A6EBB55B-AF0A-41E8-9804-97A2A5C44AF5}.Release|Any CPU.Build.0 = Release|Any CPU
	EndGlobalSection
	GlobalSection(SolutionProperties) = preSolution
		HideSolutionNode = FALSE
	EndGlobalSection
	GlobalSection(ExtensibilityGlobals) = postSolution
		SolutionGuid = {D07AA0F6-C5B6-4AB5-AC13-FB89B13E8D3E}
	EndGlobalSection
EndGlobal
